
Microsoft Visual Studio Solution File, Format Version 12.00
# Visual Studio Version 17
VisualStudioVersion = 17.5.002.0
MinimumVisualStudioVersion = 10.0.40219.1
Project("{2150E333-8FDC-42A3-9474-1A3956D46DE8}") = "Atv1", "Atv1", "{EBD3914B-769B-4DD1-9B50-F3E072439D63}"
EndProject
Project("{9A19103F-16F7-4668-BE54-9A1E7A4F7556}") = "Q1", "Atv1\Q1\Q1.csproj", "{F4F49EA9-91B1-447D-B60D-E646DAB3E4EA}"
EndProject
Project("{2150E333-8FDC-42A3-9474-1A3956D46DE8}") = "Lista1", "Lista1", "{EACFE7C7-D8AC-43ED-88E6-127D19FD0416}"
EndProject
Project("{9A19103F-16F7-4668-BE54-9A1E7A4F7556}") = "Q1", "Lista1\Q1\Q1.csproj", "{451EF2CC-5019-45B2-B94F-F9D08CBE4750}"
EndProject
Project("{9A19103F-16F7-4668-BE54-9A1E7A4F7556}") = "Q2", "Lista1\Q2\Q2.csproj", "{4E468134-94A0-458B-AA5B-CD5EE7F1AC9E}"
EndProject
Project("{9A19103F-16F7-4668-BE54-9A1E7A4F7556}") = "Q3", "Lista1\Q3\Q3.csproj", "{1238AD0D-594B-44BC-81F0-CBF4FA79520D}"
EndProject
Project("{9A19103F-16F7-4668-BE54-9A1E7A4F7556}") = "Q3 (1)", "Lista1\Q4\Q3.csproj", "{37709BF4-C24B-4F7A-B36B-4662C344BA74}"
EndProject
Project("{9A19103F-16F7-4668-BE54-9A1E7A4F7556}") = "Q5", "Lista1\Q5\Q5.csproj", "{1DFCFFC2-657F-43EF-A74C-0303E579F489}"
EndProject
Project("{9A19103F-16F7-4668-BE54-9A1E7A4F7556}") = "Q6", "Lista1\Q6\Q6.csproj", "{5F9ED5D1-488C-4FD5-8207-25ED941E7BD8}"
EndProject
Project("{9A19103F-16F7-4668-BE54-9A1E7A4F7556}") = "Q7", "Lista1\Q7\Q7.csproj", "{664A6AC8-8887-465D-A3BF-B4C38A84EF94}"
EndProject
Project("{9A19103F-16F7-4668-BE54-9A1E7A4F7556}") = "Q8", "Lista1\Q8\Q8.csproj", "{2414B31C-4996-44E9-8118-72DADE878C97}"
EndProject
Project("{9A19103F-16F7-4668-BE54-9A1E7A4F7556}") = "Q9", "Lista1\Q9\Q9.csproj", "{F0F08DEF-319A-47F6-9D20-312A2972F7FD}"
EndProject
Global
	GlobalSection(SolutionConfigurationPlatforms) = preSolution
		Debug|Any CPU = Debug|Any CPU
		Release|Any CPU = Release|Any CPU
	EndGlobalSection
	GlobalSection(ProjectConfigurationPlatforms) = postSolution
		{F4F49EA9-91B1-447D-B60D-E646DAB3E4EA}.Debug|Any CPU.ActiveCfg = Debug|Any CPU
		{F4F49EA9-91B1-447D-B60D-E646DAB3E4EA}.Debug|Any CPU.Build.0 = Debug|Any CPU
		{F4F49EA9-91B1-447D-B60D-E646DAB3E4EA}.Release|Any CPU.ActiveCfg = Release|Any CPU
		{F4F49EA9-91B1-447D-B60D-E646DAB3E4EA}.Release|Any CPU.Build.0 = Release|Any CPU
		{451EF2CC-5019-45B2-B94F-F9D08CBE4750}.Debug|Any CPU.ActiveCfg = Debug|Any CPU
		{451EF2CC-5019-45B2-B94F-F9D08CBE4750}.Debug|Any CPU.Build.0 = Debug|Any CPU
		{451EF2CC-5019-45B2-B94F-F9D08CBE4750}.Release|Any CPU.ActiveCfg = Release|Any CPU
		{451EF2CC-5019-45B2-B94F-F9D08CBE4750}.Release|Any CPU.Build.0 = Release|Any CPU
		{4E468134-94A0-458B-AA5B-CD5EE7F1AC9E}.Debug|Any CPU.ActiveCfg = Debug|Any CPU
		{4E468134-94A0-458B-AA5B-CD5EE7F1AC9E}.Debug|Any CPU.Build.0 = Debug|Any CPU
		{4E468134-94A0-458B-AA5B-CD5EE7F1AC9E}.Release|Any CPU.ActiveCfg = Release|Any CPU
		{4E468134-94A0-458B-AA5B-CD5EE7F1AC9E}.Release|Any CPU.Build.0 = Release|Any CPU
		{1238AD0D-594B-44BC-81F0-CBF4FA79520D}.Debug|Any CPU.ActiveCfg = Debug|Any CPU
		{1238AD0D-594B-44BC-81F0-CBF4FA79520D}.Debug|Any CPU.Build.0 = Debug|Any CPU
		{1238AD0D-594B-44BC-81F0-CBF4FA79520D}.Release|Any CPU.ActiveCfg = Release|Any CPU
		{1238AD0D-594B-44BC-81F0-CBF4FA79520D}.Release|Any CPU.Build.0 = Release|Any CPU
		{37709BF4-C24B-4F7A-B36B-4662C344BA74}.Debug|Any CPU.ActiveCfg = Debug|Any CPU
		{37709BF4-C24B-4F7A-B36B-4662C344BA74}.Debug|Any CPU.Build.0 = Debug|Any CPU
		{37709BF4-C24B-4F7A-B36B-4662C344BA74}.Release|Any CPU.ActiveCfg = Release|Any CPU
		{37709BF4-C24B-4F7A-B36B-4662C344BA74}.Release|Any CPU.Build.0 = Release|Any CPU
		{1DFCFFC2-657F-43EF-A74C-0303E579F489}.Debug|Any CPU.ActiveCfg = Debug|Any CPU
		{1DFCFFC2-657F-43EF-A74C-0303E579F489}.Debug|Any CPU.Build.0 = Debug|Any CPU
		{1DFCFFC2-657F-43EF-A74C-0303E579F489}.Release|Any CPU.ActiveCfg = Release|Any CPU
		{1DFCFFC2-657F-43EF-A74C-0303E579F489}.Release|Any CPU.Build.0 = Release|Any CPU
		{5F9ED5D1-488C-4FD5-8207-25ED941E7BD8}.Debug|Any CPU.ActiveCfg = Debug|Any CPU
		{5F9ED5D1-488C-4FD5-8207-25ED941E7BD8}.Debug|Any CPU.Build.0 = Debug|Any CPU
		{5F9ED5D1-488C-4FD5-8207-25ED941E7BD8}.Release|Any CPU.ActiveCfg = Release|Any CPU
		{5F9ED5D1-488C-4FD5-8207-25ED941E7BD8}.Release|Any CPU.Build.0 = Release|Any CPU
		{664A6AC8-8887-465D-A3BF-B4C38A84EF94}.Debug|Any CPU.ActiveCfg = Debug|Any CPU
		{664A6AC8-8887-465D-A3BF-B4C38A84EF94}.Debug|Any CPU.Build.0 = Debug|Any CPU
		{664A6AC8-8887-465D-A3BF-B4C38A84EF94}.Release|Any CPU.ActiveCfg = Release|Any CPU
		{664A6AC8-8887-465D-A3BF-B4C38A84EF94}.Release|Any CPU.Build.0 = Release|Any CPU
		{2414B31C-4996-44E9-8118-72DADE878C97}.Debug|Any CPU.ActiveCfg = Debug|Any CPU
		{2414B31C-4996-44E9-8118-72DADE878C97}.Debug|Any CPU.Build.0 = Debug|Any CPU
		{2414B31C-4996-44E9-8118-72DADE878C97}.Release|Any CPU.ActiveCfg = Release|Any CPU
		{2414B31C-4996-44E9-8118-72DADE878C97}.Release|Any CPU.Build.0 = Release|Any CPU
		{F0F08DEF-319A-47F6-9D20-312A2972F7FD}.Debug|Any CPU.ActiveCfg = Debug|Any CPU
		{F0F08DEF-319A-47F6-9D20-312A2972F7FD}.Debug|Any CPU.Build.0 = Debug|Any CPU
		{F0F08DEF-319A-47F6-9D20-312A2972F7FD}.Release|Any CPU.ActiveCfg = Release|Any CPU
		{F0F08DEF-319A-47F6-9D20-312A2972F7FD}.Release|Any CPU.Build.0 = Release|Any CPU
	EndGlobalSection
	GlobalSection(SolutionProperties) = preSolution
		HideSolutionNode = FALSE
	EndGlobalSection
	GlobalSection(NestedProjects) = preSolution
		{F4F49EA9-91B1-447D-B60D-E646DAB3E4EA} = {EBD3914B-769B-4DD1-9B50-F3E072439D63}
		{451EF2CC-5019-45B2-B94F-F9D08CBE4750} = {EACFE7C7-D8AC-43ED-88E6-127D19FD0416}
		{4E468134-94A0-458B-AA5B-CD5EE7F1AC9E} = {EACFE7C7-D8AC-43ED-88E6-127D19FD0416}
		{1238AD0D-594B-44BC-81F0-CBF4FA79520D} = {EACFE7C7-D8AC-43ED-88E6-127D19FD0416}
		{37709BF4-C24B-4F7A-B36B-4662C344BA74} = {EACFE7C7-D8AC-43ED-88E6-127D19FD0416}
		{1DFCFFC2-657F-43EF-A74C-0303E579F489} = {EACFE7C7-D8AC-43ED-88E6-127D19FD0416}
		{5F9ED5D1-488C-4FD5-8207-25ED941E7BD8} = {EACFE7C7-D8AC-43ED-88E6-127D19FD0416}
		{664A6AC8-8887-465D-A3BF-B4C38A84EF94} = {EACFE7C7-D8AC-43ED-88E6-127D19FD0416}
		{2414B31C-4996-44E9-8118-72DADE878C97} = {EACFE7C7-D8AC-43ED-88E6-127D19FD0416}
		{F0F08DEF-319A-47F6-9D20-312A2972F7FD} = {EACFE7C7-D8AC-43ED-88E6-127D19FD0416}
	EndGlobalSection
	GlobalSection(ExtensibilityGlobals) = postSolution
		SolutionGuid = {7A9D4A48-AB8B-42ED-BF64-1FDF847CF804}
	EndGlobalSection
EndGlobal
