
Microsoft Visual Studio Solution File, Format Version 12.00
# Visual Studio Version 17
VisualStudioVersion = 17.5.002.0
MinimumVisualStudioVersion = 10.0.40219.1
Project("{2150E333-8FDC-42A3-9474-1A3956D46DE8}") = "Atv1", "Atv1", "{93581529-C9B6-45E9-9767-44341C41AF0B}"
EndProject
Project("{9A19103F-16F7-4668-BE54-9A1E7A4F7556}") = "Q1", "Atv1\Q1\Q1.csproj", "{986BB817-6221-408A-A409-10AAD0C8C647}"
EndProject
Project("{2150E333-8FDC-42A3-9474-1A3956D46DE8}") = "Lista1", "Lista1", "{C81DACD5-64A9-4D2A-8C8E-DD44BF5DD77B}"
EndProject
Project("{9A19103F-16F7-4668-BE54-9A1E7A4F7556}") = "Q1", "Lista1\Q1\Q1.csproj", "{9AA23C0E-EC97-498C-9A0A-72B25BEB2407}"
EndProject
Project("{9A19103F-16F7-4668-BE54-9A1E7A4F7556}") = "Q2", "Lista1\Q2\Q2.csproj", "{3C5D159D-9FF2-4FC8-B94E-B6506E937EDD}"
EndProject
Project("{9A19103F-16F7-4668-BE54-9A1E7A4F7556}") = "Q3", "Lista1\Q3\Q3.csproj", "{3D95FC7D-32D4-4666-BAFD-12650E10339F}"
EndProject
Project("{9A19103F-16F7-4668-BE54-9A1E7A4F7556}") = "Q3 (1)", "Lista1\Q4\Q3.csproj", "{71892553-D1F3-4314-B9D7-0DCA039D32A3}"
EndProject
Project("{9A19103F-16F7-4668-BE54-9A1E7A4F7556}") = "Q5", "Lista1\Q5\Q5.csproj", "{958E4F44-8E81-4349-930E-AABB200FCCF8}"
EndProject
Project("{9A19103F-16F7-4668-BE54-9A1E7A4F7556}") = "Q6", "Lista1\Q6\Q6.csproj", "{CD83C515-3A74-4AD8-BBBF-E02FE6AA0463}"
EndProject
Project("{9A19103F-16F7-4668-BE54-9A1E7A4F7556}") = "Q7", "Lista1\Q7\Q7.csproj", "{69336B91-6E2F-4440-BD2C-DF401BDF17F4}"
EndProject
Project("{9A19103F-16F7-4668-BE54-9A1E7A4F7556}") = "Q8", "Lista1\Q8\Q8.csproj", "{A6967543-2EF1-4FFC-A318-265A2C9A3384}"
EndProject
Project("{9A19103F-16F7-4668-BE54-9A1E7A4F7556}") = "Q9", "Lista1\Q9\Q9.csproj", "{449273BA-4DD9-4886-9A7D-A4F2E20CEF45}"
EndProject
Global
	GlobalSection(SolutionConfigurationPlatforms) = preSolution
		Debug|Any CPU = Debug|Any CPU
		Release|Any CPU = Release|Any CPU
	EndGlobalSection
	GlobalSection(ProjectConfigurationPlatforms) = postSolution
		{986BB817-6221-408A-A409-10AAD0C8C647}.Debug|Any CPU.ActiveCfg = Debug|Any CPU
		{986BB817-6221-408A-A409-10AAD0C8C647}.Debug|Any CPU.Build.0 = Debug|Any CPU
		{986BB817-6221-408A-A409-10AAD0C8C647}.Release|Any CPU.ActiveCfg = Release|Any CPU
		{986BB817-6221-408A-A409-10AAD0C8C647}.Release|Any CPU.Build.0 = Release|Any CPU
		{9AA23C0E-EC97-498C-9A0A-72B25BEB2407}.Debug|Any CPU.ActiveCfg = Debug|Any CPU
		{9AA23C0E-EC97-498C-9A0A-72B25BEB2407}.Debug|Any CPU.Build.0 = Debug|Any CPU
		{9AA23C0E-EC97-498C-9A0A-72B25BEB2407}.Release|Any CPU.ActiveCfg = Release|Any CPU
		{9AA23C0E-EC97-498C-9A0A-72B25BEB2407}.Release|Any CPU.Build.0 = Release|Any CPU
		{3C5D159D-9FF2-4FC8-B94E-B6506E937EDD}.Debug|Any CPU.ActiveCfg = Debug|Any CPU
		{3C5D159D-9FF2-4FC8-B94E-B6506E937EDD}.Debug|Any CPU.Build.0 = Debug|Any CPU
		{3C5D159D-9FF2-4FC8-B94E-B6506E937EDD}.Release|Any CPU.ActiveCfg = Release|Any CPU
		{3C5D159D-9FF2-4FC8-B94E-B6506E937EDD}.Release|Any CPU.Build.0 = Release|Any CPU
		{3D95FC7D-32D4-4666-BAFD-12650E10339F}.Debug|Any CPU.ActiveCfg = Debug|Any CPU
		{3D95FC7D-32D4-4666-BAFD-12650E10339F}.Debug|Any CPU.Build.0 = Debug|Any CPU
		{3D95FC7D-32D4-4666-BAFD-12650E10339F}.Release|Any CPU.ActiveCfg = Release|Any CPU
		{3D95FC7D-32D4-4666-BAFD-12650E10339F}.Release|Any CPU.Build.0 = Release|Any CPU
		{71892553-D1F3-4314-B9D7-0DCA039D32A3}.Debug|Any CPU.ActiveCfg = Debug|Any CPU
		{71892553-D1F3-4314-B9D7-0DCA039D32A3}.Debug|Any CPU.Build.0 = Debug|Any CPU
		{71892553-D1F3-4314-B9D7-0DCA039D32A3}.Release|Any CPU.ActiveCfg = Release|Any CPU
		{71892553-D1F3-4314-B9D7-0DCA039D32A3}.Release|Any CPU.Build.0 = Release|Any CPU
		{958E4F44-8E81-4349-930E-AABB200FCCF8}.Debug|Any CPU.ActiveCfg = Debug|Any CPU
		{958E4F44-8E81-4349-930E-AABB200FCCF8}.Debug|Any CPU.Build.0 = Debug|Any CPU
		{958E4F44-8E81-4349-930E-AABB200FCCF8}.Release|Any CPU.ActiveCfg = Release|Any CPU
		{958E4F44-8E81-4349-930E-AABB200FCCF8}.Release|Any CPU.Build.0 = Release|Any CPU
		{CD83C515-3A74-4AD8-BBBF-E02FE6AA0463}.Debug|Any CPU.ActiveCfg = Debug|Any CPU
		{CD83C515-3A74-4AD8-BBBF-E02FE6AA0463}.Debug|Any CPU.Build.0 = Debug|Any CPU
		{CD83C515-3A74-4AD8-BBBF-E02FE6AA0463}.Release|Any CPU.ActiveCfg = Release|Any CPU
		{CD83C515-3A74-4AD8-BBBF-E02FE6AA0463}.Release|Any CPU.Build.0 = Release|Any CPU
		{69336B91-6E2F-4440-BD2C-DF401BDF17F4}.Debug|Any CPU.ActiveCfg = Debug|Any CPU
		{69336B91-6E2F-4440-BD2C-DF401BDF17F4}.Debug|Any CPU.Build.0 = Debug|Any CPU
		{69336B91-6E2F-4440-BD2C-DF401BDF17F4}.Release|Any CPU.ActiveCfg = Release|Any CPU
		{69336B91-6E2F-4440-BD2C-DF401BDF17F4}.Release|Any CPU.Build.0 = Release|Any CPU
		{A6967543-2EF1-4FFC-A318-265A2C9A3384}.Debug|Any CPU.ActiveCfg = Debug|Any CPU
		{A6967543-2EF1-4FFC-A318-265A2C9A3384}.Debug|Any CPU.Build.0 = Debug|Any CPU
		{A6967543-2EF1-4FFC-A318-265A2C9A3384}.Release|Any CPU.ActiveCfg = Release|Any CPU
		{A6967543-2EF1-4FFC-A318-265A2C9A3384}.Release|Any CPU.Build.0 = Release|Any CPU
		{449273BA-4DD9-4886-9A7D-A4F2E20CEF45}.Debug|Any CPU.ActiveCfg = Debug|Any CPU
		{449273BA-4DD9-4886-9A7D-A4F2E20CEF45}.Debug|Any CPU.Build.0 = Debug|Any CPU
		{449273BA-4DD9-4886-9A7D-A4F2E20CEF45}.Release|Any CPU.ActiveCfg = Release|Any CPU
		{449273BA-4DD9-4886-9A7D-A4F2E20CEF45}.Release|Any CPU.Build.0 = Release|Any CPU
	EndGlobalSection
	GlobalSection(SolutionProperties) = preSolution
		HideSolutionNode = FALSE
	EndGlobalSection
	GlobalSection(NestedProjects) = preSolution
		{986BB817-6221-408A-A409-10AAD0C8C647} = {93581529-C9B6-45E9-9767-44341C41AF0B}
		{9AA23C0E-EC97-498C-9A0A-72B25BEB2407} = {C81DACD5-64A9-4D2A-8C8E-DD44BF5DD77B}
		{3C5D159D-9FF2-4FC8-B94E-B6506E937EDD} = {C81DACD5-64A9-4D2A-8C8E-DD44BF5DD77B}
		{3D95FC7D-32D4-4666-BAFD-12650E10339F} = {C81DACD5-64A9-4D2A-8C8E-DD44BF5DD77B}
		{71892553-D1F3-4314-B9D7-0DCA039D32A3} = {C81DACD5-64A9-4D2A-8C8E-DD44BF5DD77B}
		{958E4F44-8E81-4349-930E-AABB200FCCF8} = {C81DACD5-64A9-4D2A-8C8E-DD44BF5DD77B}
		{CD83C515-3A74-4AD8-BBBF-E02FE6AA0463} = {C81DACD5-64A9-4D2A-8C8E-DD44BF5DD77B}
		{69336B91-6E2F-4440-BD2C-DF401BDF17F4} = {C81DACD5-64A9-4D2A-8C8E-DD44BF5DD77B}
		{A6967543-2EF1-4FFC-A318-265A2C9A3384} = {C81DACD5-64A9-4D2A-8C8E-DD44BF5DD77B}
		{449273BA-4DD9-4886-9A7D-A4F2E20CEF45} = {C81DACD5-64A9-4D2A-8C8E-DD44BF5DD77B}
	EndGlobalSection
	GlobalSection(ExtensibilityGlobals) = postSolution
		SolutionGuid = {7A9D4A48-AB8B-42ED-BF64-1FDF847CF804}
	EndGlobalSection
EndGlobal
