
Microsoft Visual Studio Solution File, Format Version 12.00
# Visual Studio Version 17
VisualStudioVersion = 17.5.002.0
MinimumVisualStudioVersion = 10.0.40219.1
Project("{2150E333-8FDC-42A3-9474-1A3956D46DE8}") = "Atv1", "Atv1", "{14C4419E-A211-46A1-B299-87CF79E67C41}"
EndProject
Project("{9A19103F-16F7-4668-BE54-9A1E7A4F7556}") = "Q1", "Atv1\Q1\Q1.csproj", "{0E813C3A-7C7B-46CD-A457-404ABD766B6B}"
EndProject
Project("{2150E333-8FDC-42A3-9474-1A3956D46DE8}") = "Lista1", "Lista1", "{EF2849AD-4917-4581-B55A-7097FAC5E017}"
EndProject
Project("{9A19103F-16F7-4668-BE54-9A1E7A4F7556}") = "Q1", "Lista1\Q1\Q1.csproj", "{E49228BD-4A73-4941-BB0F-46B63DEEC396}"
EndProject
Project("{9A19103F-16F7-4668-BE54-9A1E7A4F7556}") = "Q2", "Lista1\Q2\Q2.csproj", "{FD2BAF22-A5B3-458B-A3F5-B83C940AA8E7}"
EndProject
Project("{9A19103F-16F7-4668-BE54-9A1E7A4F7556}") = "Q3", "Lista1\Q3\Q3.csproj", "{97C67348-9FE5-4DD6-A602-AD1D33A011C8}"
EndProject
Project("{9A19103F-16F7-4668-BE54-9A1E7A4F7556}") = "Q3 (1)", "Lista1\Q4\Q3.csproj", "{8E7A7D4C-6407-454F-93DD-AABC10E9F3EB}"
EndProject
Project("{9A19103F-16F7-4668-BE54-9A1E7A4F7556}") = "Q5", "Lista1\Q5\Q5.csproj", "{84F448FB-67CE-42F4-8618-A401F922D78F}"
EndProject
Project("{9A19103F-16F7-4668-BE54-9A1E7A4F7556}") = "Q6", "Lista1\Q6\Q6.csproj", "{1688F31F-6506-4401-9E78-C87B6B77A2EA}"
EndProject
Project("{9A19103F-16F7-4668-BE54-9A1E7A4F7556}") = "Q7", "Lista1\Q7\Q7.csproj", "{F4D3C583-44D7-4E21-A919-B489D131C3B3}"
EndProject
Project("{9A19103F-16F7-4668-BE54-9A1E7A4F7556}") = "Q8", "Lista1\Q8\Q8.csproj", "{D41894F6-75D9-4C4F-A146-46A7348EF98E}"
EndProject
Project("{9A19103F-16F7-4668-BE54-9A1E7A4F7556}") = "Q9", "Lista1\Q9\Q9.csproj", "{7F16649B-A55F-4D42-B022-FA719BA1C87A}"
EndProject
Global
	GlobalSection(SolutionConfigurationPlatforms) = preSolution
		Debug|Any CPU = Debug|Any CPU
		Release|Any CPU = Release|Any CPU
	EndGlobalSection
	GlobalSection(ProjectConfigurationPlatforms) = postSolution
		{0E813C3A-7C7B-46CD-A457-404ABD766B6B}.Debug|Any CPU.ActiveCfg = Debug|Any CPU
		{0E813C3A-7C7B-46CD-A457-404ABD766B6B}.Debug|Any CPU.Build.0 = Debug|Any CPU
		{0E813C3A-7C7B-46CD-A457-404ABD766B6B}.Release|Any CPU.ActiveCfg = Release|Any CPU
		{0E813C3A-7C7B-46CD-A457-404ABD766B6B}.Release|Any CPU.Build.0 = Release|Any CPU
		{E49228BD-4A73-4941-BB0F-46B63DEEC396}.Debug|Any CPU.ActiveCfg = Debug|Any CPU
		{E49228BD-4A73-4941-BB0F-46B63DEEC396}.Debug|Any CPU.Build.0 = Debug|Any CPU
		{E49228BD-4A73-4941-BB0F-46B63DEEC396}.Release|Any CPU.ActiveCfg = Release|Any CPU
		{E49228BD-4A73-4941-BB0F-46B63DEEC396}.Release|Any CPU.Build.0 = Release|Any CPU
		{FD2BAF22-A5B3-458B-A3F5-B83C940AA8E7}.Debug|Any CPU.ActiveCfg = Debug|Any CPU
		{FD2BAF22-A5B3-458B-A3F5-B83C940AA8E7}.Debug|Any CPU.Build.0 = Debug|Any CPU
		{FD2BAF22-A5B3-458B-A3F5-B83C940AA8E7}.Release|Any CPU.ActiveCfg = Release|Any CPU
		{FD2BAF22-A5B3-458B-A3F5-B83C940AA8E7}.Release|Any CPU.Build.0 = Release|Any CPU
		{97C67348-9FE5-4DD6-A602-AD1D33A011C8}.Debug|Any CPU.ActiveCfg = Debug|Any CPU
		{97C67348-9FE5-4DD6-A602-AD1D33A011C8}.Debug|Any CPU.Build.0 = Debug|Any CPU
		{97C67348-9FE5-4DD6-A602-AD1D33A011C8}.Release|Any CPU.ActiveCfg = Release|Any CPU
		{97C67348-9FE5-4DD6-A602-AD1D33A011C8}.Release|Any CPU.Build.0 = Release|Any CPU
		{8E7A7D4C-6407-454F-93DD-AABC10E9F3EB}.Debug|Any CPU.ActiveCfg = Debug|Any CPU
		{8E7A7D4C-6407-454F-93DD-AABC10E9F3EB}.Debug|Any CPU.Build.0 = Debug|Any CPU
		{8E7A7D4C-6407-454F-93DD-AABC10E9F3EB}.Release|Any CPU.ActiveCfg = Release|Any CPU
		{8E7A7D4C-6407-454F-93DD-AABC10E9F3EB}.Release|Any CPU.Build.0 = Release|Any CPU
		{84F448FB-67CE-42F4-8618-A401F922D78F}.Debug|Any CPU.ActiveCfg = Debug|Any CPU
		{84F448FB-67CE-42F4-8618-A401F922D78F}.Debug|Any CPU.Build.0 = Debug|Any CPU
		{84F448FB-67CE-42F4-8618-A401F922D78F}.Release|Any CPU.ActiveCfg = Release|Any CPU
		{84F448FB-67CE-42F4-8618-A401F922D78F}.Release|Any CPU.Build.0 = Release|Any CPU
		{1688F31F-6506-4401-9E78-C87B6B77A2EA}.Debug|Any CPU.ActiveCfg = Debug|Any CPU
		{1688F31F-6506-4401-9E78-C87B6B77A2EA}.Debug|Any CPU.Build.0 = Debug|Any CPU
		{1688F31F-6506-4401-9E78-C87B6B77A2EA}.Release|Any CPU.ActiveCfg = Release|Any CPU
		{1688F31F-6506-4401-9E78-C87B6B77A2EA}.Release|Any CPU.Build.0 = Release|Any CPU
		{F4D3C583-44D7-4E21-A919-B489D131C3B3}.Debug|Any CPU.ActiveCfg = Debug|Any CPU
		{F4D3C583-44D7-4E21-A919-B489D131C3B3}.Debug|Any CPU.Build.0 = Debug|Any CPU
		{F4D3C583-44D7-4E21-A919-B489D131C3B3}.Release|Any CPU.ActiveCfg = Release|Any CPU
		{F4D3C583-44D7-4E21-A919-B489D131C3B3}.Release|Any CPU.Build.0 = Release|Any CPU
		{D41894F6-75D9-4C4F-A146-46A7348EF98E}.Debug|Any CPU.ActiveCfg = Debug|Any CPU
		{D41894F6-75D9-4C4F-A146-46A7348EF98E}.Debug|Any CPU.Build.0 = Debug|Any CPU
		{D41894F6-75D9-4C4F-A146-46A7348EF98E}.Release|Any CPU.ActiveCfg = Release|Any CPU
		{D41894F6-75D9-4C4F-A146-46A7348EF98E}.Release|Any CPU.Build.0 = Release|Any CPU
		{7F16649B-A55F-4D42-B022-FA719BA1C87A}.Debug|Any CPU.ActiveCfg = Debug|Any CPU
		{7F16649B-A55F-4D42-B022-FA719BA1C87A}.Debug|Any CPU.Build.0 = Debug|Any CPU
		{7F16649B-A55F-4D42-B022-FA719BA1C87A}.Release|Any CPU.ActiveCfg = Release|Any CPU
		{7F16649B-A55F-4D42-B022-FA719BA1C87A}.Release|Any CPU.Build.0 = Release|Any CPU
	EndGlobalSection
	GlobalSection(SolutionProperties) = preSolution
		HideSolutionNode = FALSE
	EndGlobalSection
	GlobalSection(NestedProjects) = preSolution
		{0E813C3A-7C7B-46CD-A457-404ABD766B6B} = {14C4419E-A211-46A1-B299-87CF79E67C41}
		{E49228BD-4A73-4941-BB0F-46B63DEEC396} = {EF2849AD-4917-4581-B55A-7097FAC5E017}
		{FD2BAF22-A5B3-458B-A3F5-B83C940AA8E7} = {EF2849AD-4917-4581-B55A-7097FAC5E017}
		{97C67348-9FE5-4DD6-A602-AD1D33A011C8} = {EF2849AD-4917-4581-B55A-7097FAC5E017}
		{8E7A7D4C-6407-454F-93DD-AABC10E9F3EB} = {EF2849AD-4917-4581-B55A-7097FAC5E017}
		{84F448FB-67CE-42F4-8618-A401F922D78F} = {EF2849AD-4917-4581-B55A-7097FAC5E017}
		{1688F31F-6506-4401-9E78-C87B6B77A2EA} = {EF2849AD-4917-4581-B55A-7097FAC5E017}
		{F4D3C583-44D7-4E21-A919-B489D131C3B3} = {EF2849AD-4917-4581-B55A-7097FAC5E017}
		{D41894F6-75D9-4C4F-A146-46A7348EF98E} = {EF2849AD-4917-4581-B55A-7097FAC5E017}
		{7F16649B-A55F-4D42-B022-FA719BA1C87A} = {EF2849AD-4917-4581-B55A-7097FAC5E017}
	EndGlobalSection
	GlobalSection(ExtensibilityGlobals) = postSolution
		SolutionGuid = {7A9D4A48-AB8B-42ED-BF64-1FDF847CF804}
	EndGlobalSection
EndGlobal
